
Microsoft Visual Studio Solution File, Format Version 12.00
# Visual Studio Version 17
VisualStudioVersion = 17.0.31903.59
MinimumVisualStudioVersion = 10.0.40219.1
Project("{2150E333-8FDC-42A3-9474-1A3956D46DE8}") = "src", "src", "{827E0CD3-B72D-47B6-A68D-7590B98EB39B}"
EndProject
Project("{FAE04EC0-301F-11D3-BF4B-00C04F79EFBC}") = "VHWuWa.App", "src\VHWuWa.App\VHWuWa.App.csproj", "{AB9F9908-500C-4330-A673-D6B33CA7A194}"
EndProject
Project("{FAE04EC0-301F-11D3-BF4B-00C04F79EFBC}") = "VHWuWa.Core", "src\VHWuWa.Core\VHWuWa.Core.csproj", "{33F58400-5C09-4E98-9B3F-DBE5851DBF41}"
EndProject
Project("{FAE04EC0-301F-11D3-BF4B-00C04F79EFBC}") = "VHWuWa.Infrastructure", "src\VHWuWa.Infrastructure\VHWuWa.Infrastructure.csproj", "{3C5D4B77-FFB2-4F56-B613-23D3F7C363D8}"
EndProject
Project("{FAE04EC0-301F-11D3-BF4B-00C04F79EFBC}") = "VHWuWa.PackageTool", "src\VHWuWa.PackageTool\VHWuWa.PackageTool.csproj", "{05BDF815-4BF4-4B01-8257-5AFEE12B8F97}"
EndProject
Project("{FAE04EC0-301F-11D3-BF4B-00C04F79EFBC}") = "VHWuWa.Updater", "src\VHWuWa.Updater\VHWuWa.Updater.csproj", "{07FD4D9F-65B0-45CC-A99E-6181CDA95534}"
EndProject
Project("{FAE04EC0-301F-11D3-BF4B-00C04F79EFBC}") = "VHWuWa.Core.Tests", "tests\VHWuWa.Core.Tests\VHWuWa.Core.Tests.csproj", "{B24959C7-E91A-4035-BCE4-21CA36421CDE}"
EndProject
Project("{FAE04EC0-301F-11D3-BF4B-00C04F79EFBC}") = "VHWuWa.Infrastructure.Tests", "tests\VHWuWa.Infrastructure.Tests\VHWuWa.Infrastructure.Tests.csproj", "{00643413-DB54-47FB-B9BB-ADFF3F4A99EA}"
EndProject
Global
	GlobalSection(SolutionConfigurationPlatforms) = preSolution
		Debug|Any CPU = Debug|Any CPU
		Debug|x64 = Debug|x64
		Debug|x86 = Debug|x86
		Release|Any CPU = Release|Any CPU
		Release|x64 = Release|x64
		Release|x86 = Release|x86
	EndGlobalSection
	GlobalSection(ProjectConfigurationPlatforms) = postSolution
		{AB9F9908-500C-4330-A673-D6B33CA7A194}.Debug|Any CPU.ActiveCfg = Debug|Any CPU
		{AB9F9908-500C-4330-A673-D6B33CA7A194}.Debug|Any CPU.Build.0 = Debug|Any CPU
		{AB9F9908-500C-4330-A673-D6B33CA7A194}.Debug|x64.ActiveCfg = Debug|Any CPU
		{AB9F9908-500C-4330-A673-D6B33CA7A194}.Debug|x64.Build.0 = Debug|Any CPU
		{AB9F9908-500C-4330-A673-D6B33CA7A194}.Debug|x86.ActiveCfg = Debug|Any CPU
		{AB9F9908-500C-4330-A673-D6B33CA7A194}.Debug|x86.Build.0 = Debug|Any CPU
		{AB9F9908-500C-4330-A673-D6B33CA7A194}.Release|Any CPU.ActiveCfg = Release|Any CPU
		{AB9F9908-500C-4330-A673-D6B33CA7A194}.Release|Any CPU.Build.0 = Release|Any CPU
		{AB9F9908-500C-4330-A673-D6B33CA7A194}.Release|x64.ActiveCfg = Release|Any CPU
		{AB9F9908-500C-4330-A673-D6B33CA7A194}.Release|x64.Build.0 = Release|Any CPU
		{AB9F9908-500C-4330-A673-D6B33CA7A194}.Release|x86.ActiveCfg = Release|Any CPU
		{AB9F9908-500C-4330-A673-D6B33CA7A194}.Release|x86.Build.0 = Release|Any CPU
		{33F58400-5C09-4E98-9B3F-DBE5851DBF41}.Debug|Any CPU.ActiveCfg = Debug|Any CPU
		{33F58400-5C09-4E98-9B3F-DBE5851DBF41}.Debug|Any CPU.Build.0 = Debug|Any CPU
		{33F58400-5C09-4E98-9B3F-DBE5851DBF41}.Debug|x64.ActiveCfg = Debug|Any CPU
		{33F58400-5C09-4E98-9B3F-DBE5851DBF41}.Debug|x64.Build.0 = Debug|Any CPU
		{33F58400-5C09-4E98-9B3F-DBE5851DBF41}.Debug|x86.ActiveCfg = Debug|Any CPU
		{33F58400-5C09-4E98-9B3F-DBE5851DBF41}.Debug|x86.Build.0 = Debug|Any CPU
		{33F58400-5C09-4E98-9B3F-DBE5851DBF41}.Release|Any CPU.ActiveCfg = Release|Any CPU
		{33F58400-5C09-4E98-9B3F-DBE5851DBF41}.Release|Any CPU.Build.0 = Release|Any CPU
		{33F58400-5C09-4E98-9B3F-DBE5851DBF41}.Release|x64.ActiveCfg = Release|Any CPU
		{33F58400-5C09-4E98-9B3F-DBE5851DBF41}.Release|x64.Build.0 = Release|Any CPU
		{33F58400-5C09-4E98-9B3F-DBE5851DBF41}.Release|x86.ActiveCfg = Release|Any CPU
		{33F58400-5C09-4E98-9B3F-DBE5851DBF41}.Release|x86.Build.0 = Release|Any CPU
		{3C5D4B77-FFB2-4F56-B613-23D3F7C363D8}.Debug|Any CPU.ActiveCfg = Debug|Any CPU
		{3C5D4B77-FFB2-4F56-B613-23D3F7C363D8}.Debug|Any CPU.Build.0 = Debug|Any CPU
		{3C5D4B77-FFB2-4F56-B613-23D3F7C363D8}.Debug|x64.ActiveCfg = Debug|Any CPU
		{3C5D4B77-FFB2-4F56-B613-23D3F7C363D8}.Debug|x64.Build.0 = Debug|Any CPU
		{3C5D4B77-FFB2-4F56-B613-23D3F7C363D8}.Debug|x86.ActiveCfg = Debug|Any CPU
		{3C5D4B77-FFB2-4F56-B613-23D3F7C363D8}.Debug|x86.Build.0 = Debug|Any CPU
		{3C5D4B77-FFB2-4F56-B613-23D3F7C363D8}.Release|Any CPU.ActiveCfg = Release|Any CPU
		{3C5D4B77-FFB2-4F56-B613-23D3F7C363D8}.Release|Any CPU.Build.0 = Release|Any CPU
		{3C5D4B77-FFB2-4F56-B613-23D3F7C363D8}.Release|x64.ActiveCfg = Release|Any CPU
		{3C5D4B77-FFB2-4F56-B613-23D3F7C363D8}.Release|x64.Build.0 = Release|Any CPU
		{3C5D4B77-FFB2-4F56-B613-23D3F7C363D8}.Release|x86.ActiveCfg = Release|Any CPU
		{3C5D4B77-FFB2-4F56-B613-23D3F7C363D8}.Release|x86.Build.0 = Release|Any CPU
		{05BDF815-4BF4-4B01-8257-5AFEE12B8F97}.Debug|Any CPU.ActiveCfg = Debug|Any CPU
		{05BDF815-4BF4-4B01-8257-5AFEE12B8F97}.Debug|Any CPU.Build.0 = Debug|Any CPU
		{05BDF815-4BF4-4B01-8257-5AFEE12B8F97}.Debug|x64.ActiveCfg = Debug|Any CPU
		{05BDF815-4BF4-4B01-8257-5AFEE12B8F97}.Debug|x64.Build.0 = Debug|Any CPU
		{05BDF815-4BF4-4B01-8257-5AFEE12B8F97}.Debug|x86.ActiveCfg = Debug|Any CPU
		{05BDF815-4BF4-4B01-8257-5AFEE12B8F97}.Debug|x86.Build.0 = Debug|Any CPU
		{05BDF815-4BF4-4B01-8257-5AFEE12B8F97}.Release|Any CPU.ActiveCfg = Release|Any CPU
		{05BDF815-4BF4-4B01-8257-5AFEE12B8F97}.Release|Any CPU.Build.0 = Release|Any CPU
		{05BDF815-4BF4-4B01-8257-5AFEE12B8F97}.Release|x64.ActiveCfg = Release|Any CPU
		{05BDF815-4BF4-4B01-8257-5AFEE12B8F97}.Release|x64.Build.0 = Release|Any CPU
		{05BDF815-4BF4-4B01-8257-5AFEE12B8F97}.Release|x86.ActiveCfg = Release|Any CPU
		{05BDF815-4BF4-4B01-8257-5AFEE12B8F97}.Release|x86.Build.0 = Release|Any CPU
		{07FD4D9F-65B0-45CC-A99E-6181CDA95534}.Debug|Any CPU.ActiveCfg = Debug|Any CPU
		{07FD4D9F-65B0-45CC-A99E-6181CDA95534}.Debug|Any CPU.Build.0 = Debug|Any CPU
		{07FD4D9F-65B0-45CC-A99E-6181CDA95534}.Debug|x64.ActiveCfg = Debug|Any CPU
		{07FD4D9F-65B0-45CC-A99E-6181CDA95534}.Debug|x64.Build.0 = Debug|Any CPU
		{07FD4D9F-65B0-45CC-A99E-6181CDA95534}.Debug|x86.ActiveCfg = Debug|Any CPU
		{07FD4D9F-65B0-45CC-A99E-6181CDA95534}.Debug|x86.Build.0 = Debug|Any CPU
		{07FD4D9F-65B0-45CC-A99E-6181CDA95534}.Release|Any CPU.ActiveCfg = Release|Any CPU
		{07FD4D9F-65B0-45CC-A99E-6181CDA95534}.Release|Any CPU.Build.0 = Release|Any CPU
		{07FD4D9F-65B0-45CC-A99E-6181CDA95534}.Release|x64.ActiveCfg = Release|Any CPU
		{07FD4D9F-65B0-45CC-A99E-6181CDA95534}.Release|x64.Build.0 = Release|Any CPU
		{07FD4D9F-65B0-45CC-A99E-6181CDA95534}.Release|x86.ActiveCfg = Release|Any CPU
		{07FD4D9F-65B0-45CC-A99E-6181CDA95534}.Release|x86.Build.0 = Release|Any CPU
		{B24959C7-E91A-4035-BCE4-21CA36421CDE}.Debug|Any CPU.ActiveCfg = Debug|Any CPU
		{B24959C7-E91A-4035-BCE4-21CA36421CDE}.Debug|Any CPU.Build.0 = Debug|Any CPU
		{B24959C7-E91A-4035-BCE4-21CA36421CDE}.Debug|x64.ActiveCfg = Debug|Any CPU
		{B24959C7-E91A-4035-BCE4-21CA36421CDE}.Debug|x64.Build.0 = Debug|Any CPU
		{B24959C7-E91A-4035-BCE4-21CA36421CDE}.Debug|x86.ActiveCfg = Debug|Any CPU
		{B24959C7-E91A-4035-BCE4-21CA36421CDE}.Debug|x86.Build.0 = Debug|Any CPU
		{B24959C7-E91A-4035-BCE4-21CA36421CDE}.Release|Any CPU.ActiveCfg = Release|Any CPU
		{B24959C7-E91A-4035-BCE4-21CA36421CDE}.Release|Any CPU.Build.0 = Release|Any CPU
		{B24959C7-E91A-4035-BCE4-21CA36421CDE}.Release|x64.ActiveCfg = Release|Any CPU
		{B24959C7-E91A-4035-BCE4-21CA36421CDE}.Release|x64.Build.0 = Release|Any CPU
		{B24959C7-E91A-4035-BCE4-21CA36421CDE}.Release|x86.ActiveCfg = Release|Any CPU
		{B24959C7-E91A-4035-BCE4-21CA36421CDE}.Release|x86.Build.0 = Release|Any CPU
		{00643413-DB54-47FB-B9BB-ADFF3F4A99EA}.Debug|Any CPU.ActiveCfg = Debug|Any CPU
		{00643413-DB54-47FB-B9BB-ADFF3F4A99EA}.Debug|Any CPU.Build.0 = Debug|Any CPU
		{00643413-DB54-47FB-B9BB-ADFF3F4A99EA}.Debug|x64.ActiveCfg = Debug|Any CPU
		{00643413-DB54-47FB-B9BB-ADFF3F4A99EA}.Debug|x64.Build.0 = Debug|Any CPU
		{00643413-DB54-47FB-B9BB-ADFF3F4A99EA}.Debug|x86.ActiveCfg = Debug|Any CPU
		{00643413-DB54-47FB-B9BB-ADFF3F4A99EA}.Debug|x86.Build.0 = Debug|Any CPU
		{00643413-DB54-47FB-B9BB-ADFF3F4A99EA}.Release|Any CPU.ActiveCfg = Release|Any CPU
		{00643413-DB54-47FB-B9BB-ADFF3F4A99EA}.Release|Any CPU.Build.0 = Release|Any CPU
		{00643413-DB54-47FB-B9BB-ADFF3F4A99EA}.Release|x64.ActiveCfg = Release|Any CPU
		{00643413-DB54-47FB-B9BB-ADFF3F4A99EA}.Release|x64.Build.0 = Release|Any CPU
		{00643413-DB54-47FB-B9BB-ADFF3F4A99EA}.Release|x86.ActiveCfg = Release|Any CPU
		{00643413-DB54-47FB-B9BB-ADFF3F4A99EA}.Release|x86.Build.0 = Release|Any CPU
	EndGlobalSection
	GlobalSection(SolutionProperties) = preSolution
		HideSolutionNode = FALSE
	EndGlobalSection
	GlobalSection(NestedProjects) = preSolution
		{AB9F9908-500C-4330-A673-D6B33CA7A194} = {827E0CD3-B72D-47B6-A68D-7590B98EB39B}
		{33F58400-5C09-4E98-9B3F-DBE5851DBF41} = {827E0CD3-B72D-47B6-A68D-7590B98EB39B}
		{3C5D4B77-FFB2-4F56-B613-23D3F7C363D8} = {827E0CD3-B72D-47B6-A68D-7590B98EB39B}
		{05BDF815-4BF4-4B01-8257-5AFEE12B8F97} = {827E0CD3-B72D-47B6-A68D-7590B98EB39B}
		{07FD4D9F-65B0-45CC-A99E-6181CDA95534} = {827E0CD3-B72D-47B6-A68D-7590B98EB39B}
		{B24959C7-E91A-4035-BCE4-21CA36421CDE} = {827E0CD3-B72D-47B6-A68D-7590B98EB39B}
		{00643413-DB54-47FB-B9BB-ADFF3F4A99EA} = {827E0CD3-B72D-47B6-A68D-7590B98EB39B}
	EndGlobalSection
EndGlobal
